// !$*UTF8*$!
{
	archiveVersion = 1;
	classes = {
	};
	objectVersion = 56;
	objects = {

/* Begin PBXBuildFile section */
		A600E17E2A16FA3B00AB17BF /* keychain_platform_support.swift in Sources */ = {isa = PBXBuildFile; fileRef = A6B906142A16F83100AB96D5 /* keychain_platform_support.swift */; };
		A600E17F2A16FAD200AB17BF /* keychain_platform_supportFFI.h in Sources */ = {isa = PBXBuildFile; fileRef = A6B906152A16F83100AB96D5 /* keychain_platform_supportFFI.h */; };
		A600E1892A17014900AB17BF /* KeychainPlatformSupportApp.swift in Sources */ = {isa = PBXBuildFile; fileRef = A600E1882A17014900AB17BF /* KeychainPlatformSupportApp.swift */; };
		A600E18B2A17014900AB17BF /* ContentView.swift in Sources */ = {isa = PBXBuildFile; fileRef = A600E18A2A17014900AB17BF /* ContentView.swift */; };
		A600E18D2A17014B00AB17BF /* Assets.xcassets in Resources */ = {isa = PBXBuildFile; fileRef = A600E18C2A17014B00AB17BF /* Assets.xcassets */; };
		A600E1902A17014B00AB17BF /* Preview Assets.xcassets in Resources */ = {isa = PBXBuildFile; fileRef = A600E18F2A17014B00AB17BF /* Preview Assets.xcassets */; };
		A600E1952A17016500AB17BF /* libKeychainPlatformSupport.a in Frameworks */ = {isa = PBXBuildFile; fileRef = A600E1772A16F9FA00AB17BF /* libKeychainPlatformSupport.a */; };
		A6314A4A2A16EED000402F76 /* KeychainPlatformSupportTests.swift in Sources */ = {isa = PBXBuildFile; fileRef = A6314A492A16EED000402F76 /* KeychainPlatformSupportTests.swift */; };
		A667B5A12A17105B00DA34C0 /* Keychain.swift in Sources */ = {isa = PBXBuildFile; fileRef = A667B5A02A17105B00DA34C0 /* Keychain.swift */; };
		A667B5A32A1719A400DA34C0 /* KeychainPlatformSupport.swift in Sources */ = {isa = PBXBuildFile; fileRef = A6314A602A16EFC300402F76 /* KeychainPlatformSupport.swift */; };
/* End PBXBuildFile section */

/* Begin PBXContainerItemProxy section */
		A600E1962A17016500AB17BF /* PBXContainerItemProxy */ = {
			isa = PBXContainerItemProxy;
			containerPortal = A6314A312A16EECF00402F76 /* Project object */;
			proxyType = 1;
			remoteGlobalIDString = A600E1762A16F9FA00AB17BF;
			remoteInfo = KeychainPlatformSupport;
		};
		A600E1982A17018400AB17BF /* PBXContainerItemProxy */ = {
			isa = PBXContainerItemProxy;
			containerPortal = A6314A312A16EECF00402F76 /* Project object */;
			proxyType = 1;
			remoteGlobalIDString = A600E1852A17014900AB17BF;
			remoteInfo = KeychainPlatformSupportApp;
		};
		A667B5942A17033600DA34C0 /* PBXContainerItemProxy */ = {
			isa = PBXContainerItemProxy;
			containerPortal = A667B58E2A17033600DA34C0 /* WalletCore.xcodeproj */;
			proxyType = 2;
			remoteGlobalIDString = A64994B02A04455800018832;
			remoteInfo = WalletCore;
		};
		A667B5962A17033600DA34C0 /* PBXContainerItemProxy */ = {
			isa = PBXContainerItemProxy;
			containerPortal = A667B58E2A17033600DA34C0 /* WalletCore.xcodeproj */;
			proxyType = 2;
			remoteGlobalIDString = A64994C12A04455900018832;
			remoteInfo = WalletCoreTests;
		};
		A667B5982A17033600DA34C0 /* PBXContainerItemProxy */ = {
			isa = PBXContainerItemProxy;
			containerPortal = A667B58E2A17033600DA34C0 /* WalletCore.xcodeproj */;
			proxyType = 2;
			remoteGlobalIDString = A64994CB2A04455900018832;
			remoteInfo = WalletCoreUITests;
		};
/* End PBXContainerItemProxy section */

/* Begin PBXCopyFilesBuildPhase section */
		A600E1752A16F9FA00AB17BF /* CopyFiles */ = {
			isa = PBXCopyFilesBuildPhase;
			buildActionMask = 2147483647;
			dstPath = "include/$(PRODUCT_NAME)";
			dstSubfolderSpec = 16;
			files = (
			);
			runOnlyForDeploymentPostprocessing = 0;
		};
/* End PBXCopyFilesBuildPhase section */

/* Begin PBXFileReference section */
		A600E1772A16F9FA00AB17BF /* libKeychainPlatformSupport.a */ = {isa = PBXFileReference; explicitFileType = archive.ar; includeInIndex = 0; path = libKeychainPlatformSupport.a; sourceTree = BUILT_PRODUCTS_DIR; };
		A600E1862A17014900AB17BF /* KeychainPlatformSupportApp.app */ = {isa = PBXFileReference; explicitFileType = wrapper.application; includeInIndex = 0; path = KeychainPlatformSupportApp.app; sourceTree = BUILT_PRODUCTS_DIR; };
		A600E1882A17014900AB17BF /* KeychainPlatformSupportApp.swift */ = {isa = PBXFileReference; lastKnownFileType = sourcecode.swift; path = KeychainPlatformSupportApp.swift; sourceTree = "<group>"; };
		A600E18A2A17014900AB17BF /* ContentView.swift */ = {isa = PBXFileReference; lastKnownFileType = sourcecode.swift; path = ContentView.swift; sourceTree = "<group>"; };
		A600E18C2A17014B00AB17BF /* Assets.xcassets */ = {isa = PBXFileReference; lastKnownFileType = folder.assetcatalog; path = Assets.xcassets; sourceTree = "<group>"; };
		A600E18F2A17014B00AB17BF /* Preview Assets.xcassets */ = {isa = PBXFileReference; lastKnownFileType = folder.assetcatalog; path = "Preview Assets.xcassets"; sourceTree = "<group>"; };
		A6314A442A16EED000402F76 /* KeychainPlatformSupportTests.xctest */ = {isa = PBXFileReference; explicitFileType = wrapper.cfbundle; includeInIndex = 0; path = KeychainPlatformSupportTests.xctest; sourceTree = BUILT_PRODUCTS_DIR; };
		A6314A492A16EED000402F76 /* KeychainPlatformSupportTests.swift */ = {isa = PBXFileReference; lastKnownFileType = sourcecode.swift; path = KeychainPlatformSupportTests.swift; sourceTree = "<group>"; };
		A6314A602A16EFC300402F76 /* KeychainPlatformSupport.swift */ = {isa = PBXFileReference; lastKnownFileType = sourcecode.swift; path = KeychainPlatformSupport.swift; sourceTree = "<group>"; };
		A667B58E2A17033600DA34C0 /* WalletCore.xcodeproj */ = {isa = PBXFileReference; lastKnownFileType = "wrapper.pb-project"; name = WalletCore.xcodeproj; path = ../../../ios/WalletCore.xcodeproj; sourceTree = "<group>"; };
		A667B5A02A17105B00DA34C0 /* Keychain.swift */ = {isa = PBXFileReference; fileEncoding = 4; lastKnownFileType = sourcecode.swift; path = Keychain.swift; sourceTree = "<group>"; };
		A6B906112A16F75D00AB96D5 /* KeychainPlatformSupport.h */ = {isa = PBXFileReference; fileEncoding = 4; lastKnownFileType = sourcecode.c.h; path = KeychainPlatformSupport.h; sourceTree = "<group>"; };
		A6B906142A16F83100AB96D5 /* keychain_platform_support.swift */ = {isa = PBXFileReference; fileEncoding = 4; lastKnownFileType = sourcecode.swift; name = keychain_platform_support.swift; path = Generated/keychain_platform_support.swift; sourceTree = "<group>"; };
		A6B906152A16F83100AB96D5 /* keychain_platform_supportFFI.h */ = {isa = PBXFileReference; fileEncoding = 4; lastKnownFileType = sourcecode.c.h; name = keychain_platform_supportFFI.h; path = Generated/keychain_platform_supportFFI.h; sourceTree = "<group>"; };
		A6B906162A16F83100AB96D5 /* keychain_platform_supportFFI.modulemap */ = {isa = PBXFileReference; fileEncoding = 4; lastKnownFileType = "sourcecode.module-map"; name = keychain_platform_supportFFI.modulemap; path = Generated/keychain_platform_supportFFI.modulemap; sourceTree = "<group>"; };
/* End PBXFileReference section */

/* Begin PBXFrameworksBuildPhase section */
		A600E1742A16F9FA00AB17BF /* Frameworks */ = {
			isa = PBXFrameworksBuildPhase;
			buildActionMask = 2147483647;
			files = (
			);
			runOnlyForDeploymentPostprocessing = 0;
		};
		A600E1832A17014900AB17BF /* Frameworks */ = {
			isa = PBXFrameworksBuildPhase;
			buildActionMask = 2147483647;
			files = (
				A600E1952A17016500AB17BF /* libKeychainPlatformSupport.a in Frameworks */,
			);
			runOnlyForDeploymentPostprocessing = 0;
		};
		A6314A412A16EED000402F76 /* Frameworks */ = {
			isa = PBXFrameworksBuildPhase;
			buildActionMask = 2147483647;
			files = (
			);
			runOnlyForDeploymentPostprocessing = 0;
		};
/* End PBXFrameworksBuildPhase section */

/* Begin PBXGroup section */
		A600E1872A17014900AB17BF /* KeychainPlatformSupportApp */ = {
			isa = PBXGroup;
			children = (
				A600E1882A17014900AB17BF /* KeychainPlatformSupportApp.swift */,
				A600E18A2A17014900AB17BF /* ContentView.swift */,
				A600E18C2A17014B00AB17BF /* Assets.xcassets */,
				A600E18E2A17014B00AB17BF /* Preview Content */,
			);
			path = KeychainPlatformSupportApp;
			sourceTree = "<group>";
		};
		A600E18E2A17014B00AB17BF /* Preview Content */ = {
			isa = PBXGroup;
			children = (
				A600E18F2A17014B00AB17BF /* Preview Assets.xcassets */,
			);
			path = "Preview Content";
			sourceTree = "<group>";
		};
		A600E1942A17016400AB17BF /* Frameworks */ = {
			isa = PBXGroup;
			children = (
				A667B58E2A17033600DA34C0 /* WalletCore.xcodeproj */,
			);
			name = Frameworks;
			sourceTree = "<group>";
		};
		A6314A302A16EECF00402F76 = {
			isa = PBXGroup;
			children = (
				A6314A3C2A16EECF00402F76 /* KeychainPlatformSupport */,
				A6B906132A16F83100AB96D5 /* Generated */,
				A6314A482A16EED000402F76 /* KeychainPlatformSupportTests */,
				A600E1872A17014900AB17BF /* KeychainPlatformSupportApp */,
				A6314A3B2A16EECF00402F76 /* Products */,
				A600E1942A17016400AB17BF /* Frameworks */,
			);
			sourceTree = "<group>";
		};
		A6314A3B2A16EECF00402F76 /* Products */ = {
			isa = PBXGroup;
			children = (
				A6314A442A16EED000402F76 /* KeychainPlatformSupportTests.xctest */,
				A600E1772A16F9FA00AB17BF /* libKeychainPlatformSupport.a */,
				A600E1862A17014900AB17BF /* KeychainPlatformSupportApp.app */,
			);
			name = Products;
			sourceTree = "<group>";
		};
		A6314A3C2A16EECF00402F76 /* KeychainPlatformSupport */ = {
			isa = PBXGroup;
			children = (
				A667B59F2A17105B00DA34C0 /* Bridge */,
				A6B906112A16F75D00AB96D5 /* KeychainPlatformSupport.h */,
				A6314A602A16EFC300402F76 /* KeychainPlatformSupport.swift */,
			);
			path = KeychainPlatformSupport;
			sourceTree = "<group>";
		};
		A6314A482A16EED000402F76 /* KeychainPlatformSupportTests */ = {
			isa = PBXGroup;
			children = (
				A6314A492A16EED000402F76 /* KeychainPlatformSupportTests.swift */,
			);
			path = KeychainPlatformSupportTests;
			sourceTree = "<group>";
		};
		A667B58F2A17033600DA34C0 /* Products */ = {
			isa = PBXGroup;
			children = (
				A667B5952A17033600DA34C0 /* WalletCore.app */,
				A667B5972A17033600DA34C0 /* WalletCoreTests.xctest */,
				A667B5992A17033600DA34C0 /* WalletCoreUITests.xctest */,
			);
			name = Products;
			sourceTree = "<group>";
		};
		A667B59F2A17105B00DA34C0 /* Bridge */ = {
			isa = PBXGroup;
			children = (
				A667B5A02A17105B00DA34C0 /* Keychain.swift */,
			);
			path = Bridge;
			sourceTree = "<group>";
		};
		A6B906132A16F83100AB96D5 /* Generated */ = {
			isa = PBXGroup;
			children = (
				A6B906142A16F83100AB96D5 /* keychain_platform_support.swift */,
				A6B906152A16F83100AB96D5 /* keychain_platform_supportFFI.h */,
				A6B906162A16F83100AB96D5 /* keychain_platform_supportFFI.modulemap */,
			);
			name = Generated;
			sourceTree = "<group>";
		};
/* End PBXGroup section */

/* Begin PBXNativeTarget section */
		A600E1762A16F9FA00AB17BF /* KeychainPlatformSupport */ = {
			isa = PBXNativeTarget;
			buildConfigurationList = A600E17B2A16F9FA00AB17BF /* Build configuration list for PBXNativeTarget "KeychainPlatformSupport" */;
			buildPhases = (
				A600E1732A16F9FA00AB17BF /* Sources */,
				A600E1742A16F9FA00AB17BF /* Frameworks */,
				A600E1752A16F9FA00AB17BF /* CopyFiles */,
			);
			buildRules = (
			);
			dependencies = (
			);
			name = KeychainPlatformSupport;
			productName = KeychainPlatformSupport;
			productReference = A600E1772A16F9FA00AB17BF /* libKeychainPlatformSupport.a */;
			productType = "com.apple.product-type.library.static";
		};
		A600E1852A17014900AB17BF /* KeychainPlatformSupportApp */ = {
			isa = PBXNativeTarget;
			buildConfigurationList = A600E1912A17014B00AB17BF /* Build configuration list for PBXNativeTarget "KeychainPlatformSupportApp" */;
			buildPhases = (
				A600E1822A17014900AB17BF /* Sources */,
				A600E1832A17014900AB17BF /* Frameworks */,
				A600E1842A17014900AB17BF /* Resources */,
			);
			buildRules = (
			);
			dependencies = (
				A600E1972A17016500AB17BF /* PBXTargetDependency */,
			);
			name = KeychainPlatformSupportApp;
			productName = KeychainPlatformSupportApp;
			productReference = A600E1862A17014900AB17BF /* KeychainPlatformSupportApp.app */;
			productType = "com.apple.product-type.application";
		};
		A6314A432A16EED000402F76 /* KeychainPlatformSupportTests */ = {
			isa = PBXNativeTarget;
			buildConfigurationList = A6314A512A16EED000402F76 /* Build configuration list for PBXNativeTarget "KeychainPlatformSupportTests" */;
			buildPhases = (
				A6314A402A16EED000402F76 /* Sources */,
				A6314A412A16EED000402F76 /* Frameworks */,
				A6314A422A16EED000402F76 /* Resources */,
			);
			buildRules = (
			);
			dependencies = (
				A600E1992A17018400AB17BF /* PBXTargetDependency */,
			);
			name = KeychainPlatformSupportTests;
			productName = KeychainPlatformSupportTests;
			productReference = A6314A442A16EED000402F76 /* KeychainPlatformSupportTests.xctest */;
			productType = "com.apple.product-type.bundle.unit-test";
		};
/* End PBXNativeTarget section */

/* Begin PBXProject section */
		A6314A312A16EECF00402F76 /* Project object */ = {
			isa = PBXProject;
			attributes = {
				BuildIndependentTargetsInParallel = 1;
				LastSwiftUpdateCheck = 1430;
				LastUpgradeCheck = 1430;
				TargetAttributes = {
					A600E1762A16F9FA00AB17BF = {
						CreatedOnToolsVersion = 14.3;
					};
					A600E1852A17014900AB17BF = {
						CreatedOnToolsVersion = 14.3;
					};
					A6314A432A16EED000402F76 = {
						CreatedOnToolsVersion = 14.3;
						TestTargetID = A600E1852A17014900AB17BF;
					};
				};
			};
			buildConfigurationList = A6314A342A16EECF00402F76 /* Build configuration list for PBXProject "KeychainPlatformSupport" */;
			compatibilityVersion = "Xcode 14.0";
			developmentRegion = en;
			hasScannedForEncodings = 0;
			knownRegions = (
				en,
				Base,
			);
			mainGroup = A6314A302A16EECF00402F76;
			productRefGroup = A6314A3B2A16EECF00402F76 /* Products */;
			projectDirPath = "";
			projectReferences = (
				{
					ProductGroup = A667B58F2A17033600DA34C0 /* Products */;
					ProjectRef = A667B58E2A17033600DA34C0 /* WalletCore.xcodeproj */;
				},
			);
			projectRoot = "";
			targets = (
				A600E1762A16F9FA00AB17BF /* KeychainPlatformSupport */,
				A6314A432A16EED000402F76 /* KeychainPlatformSupportTests */,
				A600E1852A17014900AB17BF /* KeychainPlatformSupportApp */,
			);
		};
/* End PBXProject section */

/* Begin PBXReferenceProxy section */
		A667B5952A17033600DA34C0 /* WalletCore.app */ = {
			isa = PBXReferenceProxy;
			fileType = wrapper.application;
			path = WalletCore.app;
			remoteRef = A667B5942A17033600DA34C0 /* PBXContainerItemProxy */;
			sourceTree = BUILT_PRODUCTS_DIR;
		};
		A667B5972A17033600DA34C0 /* WalletCoreTests.xctest */ = {
			isa = PBXReferenceProxy;
			fileType = wrapper.cfbundle;
			path = WalletCoreTests.xctest;
			remoteRef = A667B5962A17033600DA34C0 /* PBXContainerItemProxy */;
			sourceTree = BUILT_PRODUCTS_DIR;
		};
		A667B5992A17033600DA34C0 /* WalletCoreUITests.xctest */ = {
			isa = PBXReferenceProxy;
			fileType = wrapper.cfbundle;
			path = WalletCoreUITests.xctest;
			remoteRef = A667B5982A17033600DA34C0 /* PBXContainerItemProxy */;
			sourceTree = BUILT_PRODUCTS_DIR;
		};
/* End PBXReferenceProxy section */

/* Begin PBXResourcesBuildPhase section */
		A600E1842A17014900AB17BF /* Resources */ = {
			isa = PBXResourcesBuildPhase;
			buildActionMask = 2147483647;
			files = (
				A600E1902A17014B00AB17BF /* Preview Assets.xcassets in Resources */,
				A600E18D2A17014B00AB17BF /* Assets.xcassets in Resources */,
			);
			runOnlyForDeploymentPostprocessing = 0;
		};
		A6314A422A16EED000402F76 /* Resources */ = {
			isa = PBXResourcesBuildPhase;
			buildActionMask = 2147483647;
			files = (
			);
			runOnlyForDeploymentPostprocessing = 0;
		};
/* End PBXResourcesBuildPhase section */

/* Begin PBXSourcesBuildPhase section */
		A600E1732A16F9FA00AB17BF /* Sources */ = {
			isa = PBXSourcesBuildPhase;
			buildActionMask = 2147483647;
			files = (
				A667B5A12A17105B00DA34C0 /* Keychain.swift in Sources */,
				A667B5A32A1719A400DA34C0 /* KeychainPlatformSupport.swift in Sources */,
				A600E17F2A16FAD200AB17BF /* keychain_platform_supportFFI.h in Sources */,
				A600E17E2A16FA3B00AB17BF /* keychain_platform_support.swift in Sources */,
			);
			runOnlyForDeploymentPostprocessing = 0;
		};
		A600E1822A17014900AB17BF /* Sources */ = {
			isa = PBXSourcesBuildPhase;
			buildActionMask = 2147483647;
			files = (
				A600E18B2A17014900AB17BF /* ContentView.swift in Sources */,
				A600E1892A17014900AB17BF /* KeychainPlatformSupportApp.swift in Sources */,
			);
			runOnlyForDeploymentPostprocessing = 0;
		};
		A6314A402A16EED000402F76 /* Sources */ = {
			isa = PBXSourcesBuildPhase;
			buildActionMask = 2147483647;
			files = (
				A6314A4A2A16EED000402F76 /* KeychainPlatformSupportTests.swift in Sources */,
			);
			runOnlyForDeploymentPostprocessing = 0;
		};
/* End PBXSourcesBuildPhase section */

/* Begin PBXTargetDependency section */
		A600E1972A17016500AB17BF /* PBXTargetDependency */ = {
			isa = PBXTargetDependency;
			target = A600E1762A16F9FA00AB17BF /* KeychainPlatformSupport */;
			targetProxy = A600E1962A17016500AB17BF /* PBXContainerItemProxy */;
		};
		A600E1992A17018400AB17BF /* PBXTargetDependency */ = {
			isa = PBXTargetDependency;
			target = A600E1852A17014900AB17BF /* KeychainPlatformSupportApp */;
			targetProxy = A600E1982A17018400AB17BF /* PBXContainerItemProxy */;
		};
/* End PBXTargetDependency section */

/* Begin XCBuildConfiguration section */
		A600E17C2A16F9FA00AB17BF /* Debug */ = {
			isa = XCBuildConfiguration;
			buildSettings = {
				CODE_SIGN_STYLE = Manual;
				IPHONEOS_DEPLOYMENT_TARGET = 16.0;
				ONLY_ACTIVE_ARCH = NO;
				OTHER_LDFLAGS = "-ObjC";
				PRODUCT_NAME = "$(TARGET_NAME)";
				SDKROOT = iphoneos;
				SKIP_INSTALL = YES;
				SWIFT_OBJC_BRIDGING_HEADER = Generated/keychain_platform_supportFFI.h;
				SWIFT_VERSION = 5.0;
				TARGETED_DEVICE_FAMILY = "1,2";
			};
			name = Debug;
		};
		A600E17D2A16F9FA00AB17BF /* Release */ = {
			isa = XCBuildConfiguration;
			buildSettings = {
				CODE_SIGN_STYLE = Manual;
				IPHONEOS_DEPLOYMENT_TARGET = 16.0;
				ONLY_ACTIVE_ARCH = NO;
				OTHER_LDFLAGS = "-ObjC";
				PRODUCT_NAME = "$(TARGET_NAME)";
				SDKROOT = iphoneos;
				SKIP_INSTALL = YES;
				SWIFT_OBJC_BRIDGING_HEADER = Generated/keychain_platform_supportFFI.h;
				SWIFT_VERSION = 5.0;
				TARGETED_DEVICE_FAMILY = "1,2";
				VALIDATE_PRODUCT = NO;
			};
			name = Release;
		};
		A600E1922A17014B00AB17BF /* Debug */ = {
			isa = XCBuildConfiguration;
			buildSettings = {
				ASSETCATALOG_COMPILER_APPICON_NAME = AppIcon;
				ASSETCATALOG_COMPILER_GLOBAL_ACCENT_COLOR_NAME = AccentColor;
				CODE_SIGN_STYLE = Automatic;
				CURRENT_PROJECT_VERSION = 1;
				DEVELOPMENT_ASSET_PATHS = "\"KeychainPlatformSupportApp/Preview Content\"";
				ENABLE_PREVIEWS = YES;
				GENERATE_INFOPLIST_FILE = YES;
				INFOPLIST_KEY_UIApplicationSceneManifest_Generation = YES;
				INFOPLIST_KEY_UIApplicationSupportsIndirectInputEvents = YES;
				INFOPLIST_KEY_UILaunchScreen_Generation = YES;
				INFOPLIST_KEY_UISupportedInterfaceOrientations_iPad = "UIInterfaceOrientationPortrait UIInterfaceOrientationPortraitUpsideDown UIInterfaceOrientationLandscapeLeft UIInterfaceOrientationLandscapeRight";
				INFOPLIST_KEY_UISupportedInterfaceOrientations_iPhone = "UIInterfaceOrientationPortrait UIInterfaceOrientationLandscapeLeft UIInterfaceOrientationLandscapeRight";
				IPHONEOS_DEPLOYMENT_TARGET = 16.0;
				LD_RUNPATH_SEARCH_PATHS = (
					"$(inherited)",
					"@executable_path/Frameworks",
				);
				MARKETING_VERSION = 1.0;
				PRODUCT_BUNDLE_IDENTIFIER = ios.KeychainPlatformSupportApp;
				PRODUCT_NAME = "$(TARGET_NAME)";
				SWIFT_EMIT_LOC_STRINGS = YES;
				SWIFT_VERSION = 5.0;
				TARGETED_DEVICE_FAMILY = "1,2";
			};
			name = Debug;
		};
		A600E1932A17014B00AB17BF /* Release */ = {
			isa = XCBuildConfiguration;
			buildSettings = {
				ASSETCATALOG_COMPILER_APPICON_NAME = AppIcon;
				ASSETCATALOG_COMPILER_GLOBAL_ACCENT_COLOR_NAME = AccentColor;
				CODE_SIGN_STYLE = Automatic;
				CURRENT_PROJECT_VERSION = 1;
				DEVELOPMENT_ASSET_PATHS = "\"KeychainPlatformSupportApp/Preview Content\"";
				ENABLE_PREVIEWS = YES;
				GENERATE_INFOPLIST_FILE = YES;
				INFOPLIST_KEY_UIApplicationSceneManifest_Generation = YES;
				INFOPLIST_KEY_UIApplicationSupportsIndirectInputEvents = YES;
				INFOPLIST_KEY_UILaunchScreen_Generation = YES;
				INFOPLIST_KEY_UISupportedInterfaceOrientations_iPad = "UIInterfaceOrientationPortrait UIInterfaceOrientationPortraitUpsideDown UIInterfaceOrientationLandscapeLeft UIInterfaceOrientationLandscapeRight";
				INFOPLIST_KEY_UISupportedInterfaceOrientations_iPhone = "UIInterfaceOrientationPortrait UIInterfaceOrientationLandscapeLeft UIInterfaceOrientationLandscapeRight";
				IPHONEOS_DEPLOYMENT_TARGET = 16.0;
				LD_RUNPATH_SEARCH_PATHS = (
					"$(inherited)",
					"@executable_path/Frameworks",
				);
				MARKETING_VERSION = 1.0;
				PRODUCT_BUNDLE_IDENTIFIER = ios.KeychainPlatformSupportApp;
				PRODUCT_NAME = "$(TARGET_NAME)";
				SWIFT_EMIT_LOC_STRINGS = YES;
				SWIFT_VERSION = 5.0;
				TARGETED_DEVICE_FAMILY = "1,2";
				VALIDATE_PRODUCT = YES;
			};
			name = Release;
		};
		A6314A4C2A16EED000402F76 /* Debug */ = {
			isa = XCBuildConfiguration;
			buildSettings = {
				ALWAYS_SEARCH_USER_PATHS = NO;
				CLANG_ANALYZER_NONNULL = YES;
				CLANG_ANALYZER_NUMBER_OBJECT_CONVERSION = YES_AGGRESSIVE;
				CLANG_CXX_LANGUAGE_STANDARD = "gnu++20";
				CLANG_ENABLE_MODULES = YES;
				CLANG_ENABLE_OBJC_ARC = YES;
				CLANG_ENABLE_OBJC_WEAK = YES;
				CLANG_WARN_BLOCK_CAPTURE_AUTORELEASING = YES;
				CLANG_WARN_BOOL_CONVERSION = YES;
				CLANG_WARN_COMMA = YES;
				CLANG_WARN_CONSTANT_CONVERSION = YES;
				CLANG_WARN_DEPRECATED_OBJC_IMPLEMENTATIONS = YES;
				CLANG_WARN_DIRECT_OBJC_ISA_USAGE = YES_ERROR;
				CLANG_WARN_DOCUMENTATION_COMMENTS = YES;
				CLANG_WARN_EMPTY_BODY = YES;
				CLANG_WARN_ENUM_CONVERSION = YES;
				CLANG_WARN_INFINITE_RECURSION = YES;
				CLANG_WARN_INT_CONVERSION = YES;
				CLANG_WARN_NON_LITERAL_NULL_CONVERSION = YES;
				CLANG_WARN_OBJC_IMPLICIT_RETAIN_SELF = YES;
				CLANG_WARN_OBJC_LITERAL_CONVERSION = YES;
				CLANG_WARN_OBJC_ROOT_CLASS = YES_ERROR;
				CLANG_WARN_QUOTED_INCLUDE_IN_FRAMEWORK_HEADER = YES;
				CLANG_WARN_RANGE_LOOP_ANALYSIS = YES;
				CLANG_WARN_STRICT_PROTOTYPES = YES;
				CLANG_WARN_SUSPICIOUS_MOVE = YES;
				CLANG_WARN_UNGUARDED_AVAILABILITY = YES_AGGRESSIVE;
				CLANG_WARN_UNREACHABLE_CODE = YES;
				CLANG_WARN__DUPLICATE_METHOD_MATCH = YES;
				COPY_PHASE_STRIP = NO;
				CURRENT_PROJECT_VERSION = 1;
				DEBUG_INFORMATION_FORMAT = dwarf;
				ENABLE_STRICT_OBJC_MSGSEND = YES;
				ENABLE_TESTABILITY = YES;
				GCC_C_LANGUAGE_STANDARD = gnu11;
				GCC_DYNAMIC_NO_PIC = NO;
				GCC_NO_COMMON_BLOCKS = YES;
				GCC_OPTIMIZATION_LEVEL = 0;
				GCC_PREPROCESSOR_DEFINITIONS = (
					"DEBUG=1",
					"$(inherited)",
				);
				GCC_WARN_64_TO_32_BIT_CONVERSION = YES;
				GCC_WARN_ABOUT_RETURN_TYPE = YES_ERROR;
				GCC_WARN_UNDECLARED_SELECTOR = YES;
				GCC_WARN_UNINITIALIZED_AUTOS = YES_AGGRESSIVE;
				GCC_WARN_UNUSED_FUNCTION = YES;
				GCC_WARN_UNUSED_VARIABLE = YES;
				IPHONEOS_DEPLOYMENT_TARGET = 16.0;
				MACOSX_DEPLOYMENT_TARGET = 13.3;
				MTL_ENABLE_DEBUG_INFO = INCLUDE_SOURCE;
				MTL_FAST_MATH = YES;
				ONLY_ACTIVE_ARCH = YES;
				SDKROOT = iphoneos;
				SWIFT_ACTIVE_COMPILATION_CONDITIONS = DEBUG;
				SWIFT_OPTIMIZATION_LEVEL = "-Onone";
				VERSIONING_SYSTEM = "apple-generic";
				VERSION_INFO_PREFIX = "";
			};
			name = Debug;
		};
		A6314A4D2A16EED000402F76 /* Release */ = {
			isa = XCBuildConfiguration;
			buildSettings = {
				ALWAYS_SEARCH_USER_PATHS = NO;
				CLANG_ANALYZER_NONNULL = YES;
				CLANG_ANALYZER_NUMBER_OBJECT_CONVERSION = YES_AGGRESSIVE;
				CLANG_CXX_LANGUAGE_STANDARD = "gnu++20";
				CLANG_ENABLE_MODULES = YES;
				CLANG_ENABLE_OBJC_ARC = YES;
				CLANG_ENABLE_OBJC_WEAK = YES;
				CLANG_WARN_BLOCK_CAPTURE_AUTORELEASING = YES;
				CLANG_WARN_BOOL_CONVERSION = YES;
				CLANG_WARN_COMMA = YES;
				CLANG_WARN_CONSTANT_CONVERSION = YES;
				CLANG_WARN_DEPRECATED_OBJC_IMPLEMENTATIONS = YES;
				CLANG_WARN_DIRECT_OBJC_ISA_USAGE = YES_ERROR;
				CLANG_WARN_DOCUMENTATION_COMMENTS = YES;
				CLANG_WARN_EMPTY_BODY = YES;
				CLANG_WARN_ENUM_CONVERSION = YES;
				CLANG_WARN_INFINITE_RECURSION = YES;
				CLANG_WARN_INT_CONVERSION = YES;
				CLANG_WARN_NON_LITERAL_NULL_CONVERSION = YES;
				CLANG_WARN_OBJC_IMPLICIT_RETAIN_SELF = YES;
				CLANG_WARN_OBJC_LITERAL_CONVERSION = YES;
				CLANG_WARN_OBJC_ROOT_CLASS = YES_ERROR;
				CLANG_WARN_QUOTED_INCLUDE_IN_FRAMEWORK_HEADER = YES;
				CLANG_WARN_RANGE_LOOP_ANALYSIS = YES;
				CLANG_WARN_STRICT_PROTOTYPES = YES;
				CLANG_WARN_SUSPICIOUS_MOVE = YES;
				CLANG_WARN_UNGUARDED_AVAILABILITY = YES_AGGRESSIVE;
				CLANG_WARN_UNREACHABLE_CODE = YES;
				CLANG_WARN__DUPLICATE_METHOD_MATCH = YES;
				COPY_PHASE_STRIP = NO;
				CURRENT_PROJECT_VERSION = 1;
				DEBUG_INFORMATION_FORMAT = "dwarf-with-dsym";
				ENABLE_NS_ASSERTIONS = NO;
				ENABLE_STRICT_OBJC_MSGSEND = YES;
				GCC_C_LANGUAGE_STANDARD = gnu11;
				GCC_NO_COMMON_BLOCKS = YES;
				GCC_WARN_64_TO_32_BIT_CONVERSION = YES;
				GCC_WARN_ABOUT_RETURN_TYPE = YES_ERROR;
				GCC_WARN_UNDECLARED_SELECTOR = YES;
				GCC_WARN_UNINITIALIZED_AUTOS = YES_AGGRESSIVE;
				GCC_WARN_UNUSED_FUNCTION = YES;
				GCC_WARN_UNUSED_VARIABLE = YES;
				IPHONEOS_DEPLOYMENT_TARGET = 16.0;
				MACOSX_DEPLOYMENT_TARGET = 13.3;
				MTL_ENABLE_DEBUG_INFO = NO;
				MTL_FAST_MATH = YES;
				SDKROOT = iphoneos;
				SWIFT_COMPILATION_MODE = wholemodule;
				SWIFT_OPTIMIZATION_LEVEL = "-O";
				VERSIONING_SYSTEM = "apple-generic";
				VERSION_INFO_PREFIX = "";
			};
			name = Release;
		};
		A6314A522A16EED000402F76 /* Debug */ = {
			isa = XCBuildConfiguration;
			buildSettings = {
				CODE_SIGN_STYLE = Automatic;
				CURRENT_PROJECT_VERSION = 1;
				GENERATE_INFOPLIST_FILE = YES;
				IPHONEOS_DEPLOYMENT_TARGET = 16.0;
				MACOSX_DEPLOYMENT_TARGET = 13.3;
				MARKETING_VERSION = 1.0;
				PRODUCT_BUNDLE_IDENTIFIER = ios.KeychainPlatformSupportTests;
				PRODUCT_NAME = "$(TARGET_NAME)";
				SDKROOT = auto;
				SUPPORTED_PLATFORMS = "iphoneos iphonesimulator macosx";
				SWIFT_EMIT_LOC_STRINGS = NO;
				SWIFT_VERSION = 5.0;
				TARGETED_DEVICE_FAMILY = "1,2";
				TEST_HOST = "$(BUILT_PRODUCTS_DIR)/KeychainPlatformSupportApp.app/$(BUNDLE_EXECUTABLE_FOLDER_PATH)/KeychainPlatformSupportApp";
			};
			name = Debug;
		};
		A6314A532A16EED000402F76 /* Release */ = {
			isa = XCBuildConfiguration;
			buildSettings = {
				CODE_SIGN_STYLE = Automatic;
				CURRENT_PROJECT_VERSION = 1;
				GENERATE_INFOPLIST_FILE = YES;
				IPHONEOS_DEPLOYMENT_TARGET = 16.0;
				MACOSX_DEPLOYMENT_TARGET = 13.3;
				MARKETING_VERSION = 1.0;
				PRODUCT_BUNDLE_IDENTIFIER = ios.KeychainPlatformSupportTests;
				PRODUCT_NAME = "$(TARGET_NAME)";
				SDKROOT = auto;
				SUPPORTED_PLATFORMS = "iphoneos iphonesimulator macosx";
				SWIFT_EMIT_LOC_STRINGS = NO;
				SWIFT_VERSION = 5.0;
				TARGETED_DEVICE_FAMILY = "1,2";
				TEST_HOST = "$(BUILT_PRODUCTS_DIR)/KeychainPlatformSupportApp.app/$(BUNDLE_EXECUTABLE_FOLDER_PATH)/KeychainPlatformSupportApp";
			};
			name = Release;
		};
/* End XCBuildConfiguration section */

/* Begin XCConfigurationList section */
		A600E17B2A16F9FA00AB17BF /* Build configuration list for PBXNativeTarget "KeychainPlatformSupport" */ = {
			isa = XCConfigurationList;
			buildConfigurations = (
				A600E17C2A16F9FA00AB17BF /* Debug */,
				A600E17D2A16F9FA00AB17BF /* Release */,
			);
			defaultConfigurationIsVisible = 0;
			defaultConfigurationName = Release;
		};
		A600E1912A17014B00AB17BF /* Build configuration list for PBXNativeTarget "KeychainPlatformSupportApp" */ = {
			isa = XCConfigurationList;
			buildConfigurations = (
				A600E1922A17014B00AB17BF /* Debug */,
				A600E1932A17014B00AB17BF /* Release */,
			);
			defaultConfigurationIsVisible = 0;
			defaultConfigurationName = Release;
		};
		A6314A342A16EECF00402F76 /* Build configuration list for PBXProject "KeychainPlatformSupport" */ = {
			isa = XCConfigurationList;
			buildConfigurations = (
				A6314A4C2A16EED000402F76 /* Debug */,
				A6314A4D2A16EED000402F76 /* Release */,
			);
			defaultConfigurationIsVisible = 0;
			defaultConfigurationName = Release;
		};
		A6314A512A16EED000402F76 /* Build configuration list for PBXNativeTarget "KeychainPlatformSupportTests" */ = {
			isa = XCConfigurationList;
			buildConfigurations = (
				A6314A522A16EED000402F76 /* Debug */,
				A6314A532A16EED000402F76 /* Release */,
			);
			defaultConfigurationIsVisible = 0;
			defaultConfigurationName = Release;
		};
/* End XCConfigurationList section */
	};
	rootObject = A6314A312A16EECF00402F76 /* Project object */;
}
