{
  "nodes": {
    "nixpkgs": {
      "locked": {
        "lastModified": 1683267615,
        "narHash": "sha256-A/zAy9YauwdPut90h6cYC1zgP/WmuW9zmJ+K/c5i6uc=",
        "owner": "NixOS",
        "repo": "nixpkgs",
        "rev": "0b6445b611472740f02eae9015150c07c5373340",
        "type": "github"
      },
      "original": {
        "id": "nixpkgs",
        "type": "indirect"
      }
    },
    "root": {
      "inputs": {
        "nixpkgs": "nixpkgs"
      }
    }
  },
  "root": "root",
  "version": 7
}
