lockfileVersion: '6.1'

settings:
  autoInstallPeers: true
  excludeLinksFromLockfile: false

importers:

  .:
    devDependencies:
      rome:
        specifier: ^12.1.3
        version: 12.1.3
      turbo:
        specifier: ^1.10.3
        version: 1.10.3

  packages/signer: {}

packages:

  /@rometools/cli-darwin-arm64@12.1.3:
    resolution: {integrity: sha512-AmFTUDYjBuEGQp/Wwps+2cqUr+qhR7gyXAUnkL5psCuNCz3807TrUq/ecOoct5MIavGJTH6R4aaSL6+f+VlBEg==}
    cpu: [arm64]
    os: [darwin]
    requiresBuild: true
    dev: true
    optional: true

  /@rometools/cli-darwin-x64@12.1.3:
    resolution: {integrity: sha512-k8MbWna8q4LRlb005N2X+JS1UQ+s3ZLBBvwk4fP8TBxlAJXUz17jLLu/Fi+7DTTEmMhM84TWj4FDKW+rNar28g==}
    cpu: [x64]
    os: [darwin]
    requiresBuild: true
    dev: true
    optional: true

  /@rometools/cli-linux-arm64@12.1.3:
    resolution: {integrity: sha512-X/uLhJ2/FNA3nu5TiyeNPqiD3OZoFfNfRvw6a3ut0jEREPvEn72NI7WPijH/gxSz55znfQ7UQ6iM4DZumUknJg==}
    cpu: [arm64]
    os: [linux]
    requiresBuild: true
    dev: true
    optional: true

  /@rometools/cli-linux-x64@12.1.3:
    resolution: {integrity: sha512-csP17q1eWiUXx9z6Jr/JJPibkplyKIwiWPYNzvPCGE8pHlKhwZj3YHRuu7Dm/4EOqx0XFIuqqWZUYm9bkIC8xg==}
    cpu: [x64]
    os: [linux]
    requiresBuild: true
    dev: true
    optional: true

  /@rometools/cli-win32-arm64@12.1.3:
    resolution: {integrity: sha512-RymHWeod57EBOJY4P636CgUwYA6BQdkQjh56XKk4pLEHO6X1bFyMet2XL7KlHw5qOTalzuzf5jJqUs+vf3jdXQ==}
    cpu: [arm64]
    os: [win32]
    requiresBuild: true
    dev: true
    optional: true

  /@rometools/cli-win32-x64@12.1.3:
    resolution: {integrity: sha512-yHSKYidqJMV9nADqg78GYA+cZ0hS1twANAjiFibQdXj9aGzD+s/IzIFEIi/U/OBLvWYg/SCw0QVozi2vTlKFDQ==}
    cpu: [x64]
    os: [win32]
    requiresBuild: true
    dev: true
    optional: true

  /rome@12.1.3:
    resolution: {integrity: sha512-e+ff72hxDpe/t5/Us7YRBVw3PBET7SeczTQNn6tvrWdrCaAw3qOukQQ+tDCkyFtS4yGsnhjrJbm43ctNbz27Yg==}
    engines: {node: '>=14.*'}
    hasBin: true
    requiresBuild: true
    optionalDependencies:
      '@rometools/cli-darwin-arm64': 12.1.3
      '@rometools/cli-darwin-x64': 12.1.3
      '@rometools/cli-linux-arm64': 12.1.3
      '@rometools/cli-linux-x64': 12.1.3
      '@rometools/cli-win32-arm64': 12.1.3
      '@rometools/cli-win32-x64': 12.1.3
    dev: true

  /turbo-darwin-64@1.10.3:
    resolution: {integrity: sha512-IIB9IomJGyD3EdpSscm7Ip1xVWtYb7D0x7oH3vad3gjFcjHJzDz9xZ/iw/qItFEW+wGFcLSRPd+1BNnuLM8AsA==}
    cpu: [x64]
    os: [darwin]
    requiresBuild: true
    dev: true
    optional: true

  /turbo-darwin-arm64@1.10.3:
    resolution: {integrity: sha512-SBNmOZU9YEB0eyNIxeeQ+Wi0Ufd+nprEVp41rgUSRXEIpXjsDjyBnKnF+sQQj3+FLb4yyi/yZQckB+55qXWEsw==}
    cpu: [arm64]
    os: [darwin]
    requiresBuild: true
    dev: true
    optional: true

  /turbo-linux-64@1.10.3:
    resolution: {integrity: sha512-kvAisGKE7xHJdyMxZLvg53zvHxjqPK1UVj4757PQqtx9dnjYHSc8epmivE6niPgDHon5YqImzArCjVZJYpIGHQ==}
    cpu: [x64]
    os: [linux]
    requiresBuild: true
    dev: true
    optional: true

  /turbo-linux-arm64@1.10.3:
    resolution: {integrity: sha512-Qgaqln0IYRgyL0SowJOi+PNxejv1I2xhzXOI+D+z4YHbgSx87ox1IsALYBlK8VRVYY8VCXl+PN12r1ioV09j7A==}
    cpu: [arm64]
    os: [linux]
    requiresBuild: true
    dev: true
    optional: true

  /turbo-windows-64@1.10.3:
    resolution: {integrity: sha512-rbH9wManURNN8mBnN/ZdkpUuTvyVVEMiUwFUX4GVE5qmV15iHtZfDLUSGGCP2UFBazHcpNHG1OJzgc55GFFrUw==}
    cpu: [x64]
    os: [win32]
    requiresBuild: true
    dev: true
    optional: true

  /turbo-windows-arm64@1.10.3:
    resolution: {integrity: sha512-ThlkqxhcGZX39CaTjsHqJnqVe+WImjX13pmjnpChz6q5HHbeRxaJSFzgrHIOt0sUUVx90W/WrNRyoIt/aafniw==}
    cpu: [arm64]
    os: [win32]
    requiresBuild: true
    dev: true
    optional: true

  /turbo@1.10.3:
    resolution: {integrity: sha512-U4gKCWcKgLcCjQd4Pl8KJdfEKumpyWbzRu75A6FCj6Ctea1PIm58W6Ltw1QXKqHrl2pF9e1raAskf/h6dlrPCA==}
    hasBin: true
    requiresBuild: true
    optionalDependencies:
      turbo-darwin-64: 1.10.3
      turbo-darwin-arm64: 1.10.3
      turbo-linux-64: 1.10.3
      turbo-linux-arm64: 1.10.3
      turbo-windows-64: 1.10.3
      turbo-windows-arm64: 1.10.3
    dev: true
