// !$*UTF8*$!
{
	archiveVersion = 1;
	classes = {
	};
	objectVersion = 56;
	objects = {

/* Begin PBXBuildFile section */
		A64994B42A04455800018832 /* WalletCoreApp.swift in Sources */ = {isa = PBXBuildFile; fileRef = A64994B32A04455800018832 /* WalletCoreApp.swift */; };
		A64994B62A04455800018832 /* ContentView.swift in Sources */ = {isa = PBXBuildFile; fileRef = A64994B52A04455800018832 /* ContentView.swift */; };
		A64994B82A04455900018832 /* Assets.xcassets in Resources */ = {isa = PBXBuildFile; fileRef = A64994B72A04455900018832 /* Assets.xcassets */; };
		A64994BC2A04455900018832 /* Preview Assets.xcassets in Resources */ = {isa = PBXBuildFile; fileRef = A64994BB2A04455900018832 /* Preview Assets.xcassets */; };
		A64994C62A04455900018832 /* WalletCoreTests.swift in Sources */ = {isa = PBXBuildFile; fileRef = A64994C52A04455900018832 /* WalletCoreTests.swift */; };
		A64994D02A04455900018832 /* WalletCoreUITests.swift in Sources */ = {isa = PBXBuildFile; fileRef = A64994CF2A04455900018832 /* WalletCoreUITests.swift */; };
		A64994D22A04455900018832 /* WalletCoreUITestsLaunchTests.swift in Sources */ = {isa = PBXBuildFile; fileRef = A64994D12A04455900018832 /* WalletCoreUITestsLaunchTests.swift */; };
		A64994E12A0451E600018832 /* WalletCoreSource in Frameworks */ = {isa = PBXBuildFile; productRef = A64994E02A0451E600018832 /* WalletCoreSource */; };
		A64994E32A04524F00018832 /* WalletCoreFFI.xcframework in Frameworks */ = {isa = PBXBuildFile; fileRef = A64994E22A04524F00018832 /* WalletCoreFFI.xcframework */; };
		A64994E42A04524F00018832 /* WalletCoreFFI.xcframework in Frameworks */ = {isa = PBXBuildFile; fileRef = A64994E22A04524F00018832 /* WalletCoreFFI.xcframework */; };
		A64994E52A04524F00018832 /* WalletCoreFFI.xcframework in Frameworks */ = {isa = PBXBuildFile; fileRef = A64994E22A04524F00018832 /* WalletCoreFFI.xcframework */; };
/* End PBXBuildFile section */

/* Begin PBXContainerItemProxy section */
		A64994C22A04455900018832 /* PBXContainerItemProxy */ = {
			isa = PBXContainerItemProxy;
			containerPortal = A64994A82A04455800018832 /* Project object */;
			proxyType = 1;
			remoteGlobalIDString = A64994AF2A04455800018832;
			remoteInfo = WalletCore;
		};
		A64994CC2A04455900018832 /* PBXContainerItemProxy */ = {
			isa = PBXContainerItemProxy;
			containerPortal = A64994A82A04455800018832 /* Project object */;
			proxyType = 1;
			remoteGlobalIDString = A64994AF2A04455800018832;
			remoteInfo = WalletCore;
		};
/* End PBXContainerItemProxy section */

/* Begin PBXFileReference section */
		A64994B02A04455800018832 /* WalletCore.app */ = {isa = PBXFileReference; explicitFileType = wrapper.application; includeInIndex = 0; path = WalletCore.app; sourceTree = BUILT_PRODUCTS_DIR; };
		A64994B32A04455800018832 /* WalletCoreApp.swift */ = {isa = PBXFileReference; lastKnownFileType = sourcecode.swift; path = WalletCoreApp.swift; sourceTree = "<group>"; };
		A64994B52A04455800018832 /* ContentView.swift */ = {isa = PBXFileReference; lastKnownFileType = sourcecode.swift; path = ContentView.swift; sourceTree = "<group>"; };
		A64994B72A04455900018832 /* Assets.xcassets */ = {isa = PBXFileReference; lastKnownFileType = folder.assetcatalog; path = Assets.xcassets; sourceTree = "<group>"; };
		A64994B92A04455900018832 /* WalletCore.entitlements */ = {isa = PBXFileReference; lastKnownFileType = text.plist.entitlements; path = WalletCore.entitlements; sourceTree = "<group>"; };
		A64994BB2A04455900018832 /* Preview Assets.xcassets */ = {isa = PBXFileReference; lastKnownFileType = folder.assetcatalog; path = "Preview Assets.xcassets"; sourceTree = "<group>"; };
		A64994C12A04455900018832 /* WalletCoreTests.xctest */ = {isa = PBXFileReference; explicitFileType = wrapper.cfbundle; includeInIndex = 0; path = WalletCoreTests.xctest; sourceTree = BUILT_PRODUCTS_DIR; };
		A64994C52A04455900018832 /* WalletCoreTests.swift */ = {isa = PBXFileReference; lastKnownFileType = sourcecode.swift; path = WalletCoreTests.swift; sourceTree = "<group>"; };
		A64994CB2A04455900018832 /* WalletCoreUITests.xctest */ = {isa = PBXFileReference; explicitFileType = wrapper.cfbundle; includeInIndex = 0; path = WalletCoreUITests.xctest; sourceTree = BUILT_PRODUCTS_DIR; };
		A64994CF2A04455900018832 /* WalletCoreUITests.swift */ = {isa = PBXFileReference; lastKnownFileType = sourcecode.swift; path = WalletCoreUITests.swift; sourceTree = "<group>"; };
		A64994D12A04455900018832 /* WalletCoreUITestsLaunchTests.swift */ = {isa = PBXFileReference; lastKnownFileType = sourcecode.swift; path = WalletCoreUITestsLaunchTests.swift; sourceTree = "<group>"; };
		A64994DE2A04462A00018832 /* WalletCoreSource */ = {isa = PBXFileReference; lastKnownFileType = wrapper; path = WalletCoreSource; sourceTree = "<group>"; };
		A64994E22A04524F00018832 /* WalletCoreFFI.xcframework */ = {isa = PBXFileReference; lastKnownFileType = wrapper.xcframework; path = WalletCoreFFI.xcframework; sourceTree = "<group>"; };
/* End PBXFileReference section */

/* Begin PBXFrameworksBuildPhase section */
		A64994AD2A04455800018832 /* Frameworks */ = {
			isa = PBXFrameworksBuildPhase;
			buildActionMask = 2147483647;
			files = (
				A64994E12A0451E600018832 /* WalletCoreSource in Frameworks */,
				A64994E32A04524F00018832 /* WalletCoreFFI.xcframework in Frameworks */,
			);
			runOnlyForDeploymentPostprocessing = 0;
		};
		A64994BE2A04455900018832 /* Frameworks */ = {
			isa = PBXFrameworksBuildPhase;
			buildActionMask = 2147483647;
			files = (
				A64994E42A04524F00018832 /* WalletCoreFFI.xcframework in Frameworks */,
			);
			runOnlyForDeploymentPostprocessing = 0;
		};
		A64994C82A04455900018832 /* Frameworks */ = {
			isa = PBXFrameworksBuildPhase;
			buildActionMask = 2147483647;
			files = (
				A64994E52A04524F00018832 /* WalletCoreFFI.xcframework in Frameworks */,
			);
			runOnlyForDeploymentPostprocessing = 0;
		};
/* End PBXFrameworksBuildPhase section */

/* Begin PBXGroup section */
		A64994A72A04455800018832 = {
			isa = PBXGroup;
			children = (
				A64994B22A04455800018832 /* WalletCore */,
				A64994DE2A04462A00018832 /* WalletCoreSource */,
				A64994E22A04524F00018832 /* WalletCoreFFI.xcframework */,
				A64994C42A04455900018832 /* WalletCoreTests */,
				A64994CE2A04455900018832 /* WalletCoreUITests */,
				A64994B12A04455800018832 /* Products */,
				A64994DF2A0451E600018832 /* Frameworks */,
			);
			sourceTree = "<group>";
		};
		A64994B12A04455800018832 /* Products */ = {
			isa = PBXGroup;
			children = (
				A64994B02A04455800018832 /* WalletCore.app */,
				A64994C12A04455900018832 /* WalletCoreTests.xctest */,
				A64994CB2A04455900018832 /* WalletCoreUITests.xctest */,
			);
			name = Products;
			sourceTree = "<group>";
		};
		A64994B22A04455800018832 /* WalletCore */ = {
			isa = PBXGroup;
			children = (
				A64994B32A04455800018832 /* WalletCoreApp.swift */,
				A64994B52A04455800018832 /* ContentView.swift */,
				A64994B72A04455900018832 /* Assets.xcassets */,
				A64994B92A04455900018832 /* WalletCore.entitlements */,
				A64994BA2A04455900018832 /* Preview Content */,
			);
			path = WalletCore;
			sourceTree = "<group>";
		};
		A64994BA2A04455900018832 /* Preview Content */ = {
			isa = PBXGroup;
			children = (
				A64994BB2A04455900018832 /* Preview Assets.xcassets */,
			);
			path = "Preview Content";
			sourceTree = "<group>";
		};
		A64994C42A04455900018832 /* WalletCoreTests */ = {
			isa = PBXGroup;
			children = (
				A64994C52A04455900018832 /* WalletCoreTests.swift */,
			);
			path = WalletCoreTests;
			sourceTree = "<group>";
		};
		A64994CE2A04455900018832 /* WalletCoreUITests */ = {
			isa = PBXGroup;
			children = (
				A64994CF2A04455900018832 /* WalletCoreUITests.swift */,
				A64994D12A04455900018832 /* WalletCoreUITestsLaunchTests.swift */,
			);
			path = WalletCoreUITests;
			sourceTree = "<group>";
		};
		A64994DF2A0451E600018832 /* Frameworks */ = {
			isa = PBXGroup;
			children = (
			);
			name = Frameworks;
			sourceTree = "<group>";
		};
/* End PBXGroup section */

/* Begin PBXNativeTarget section */
		A64994AF2A04455800018832 /* WalletCore */ = {
			isa = PBXNativeTarget;
			buildConfigurationList = A64994D52A04455900018832 /* Build configuration list for PBXNativeTarget "WalletCore" */;
			buildPhases = (
				A64994AC2A04455800018832 /* Sources */,
				A64994AD2A04455800018832 /* Frameworks */,
				A64994AE2A04455800018832 /* Resources */,
			);
			buildRules = (
			);
			dependencies = (
			);
			name = WalletCore;
			packageProductDependencies = (
				A64994E02A0451E600018832 /* WalletCoreSource */,
			);
			productName = WalletCore;
			productReference = A64994B02A04455800018832 /* WalletCore.app */;
			productType = "com.apple.product-type.application";
		};
		A64994C02A04455900018832 /* WalletCoreTests */ = {
			isa = PBXNativeTarget;
			buildConfigurationList = A64994D82A04455900018832 /* Build configuration list for PBXNativeTarget "WalletCoreTests" */;
			buildPhases = (
				A64994BD2A04455900018832 /* Sources */,
				A64994BE2A04455900018832 /* Frameworks */,
				A64994BF2A04455900018832 /* Resources */,
			);
			buildRules = (
			);
			dependencies = (
				A64994C32A04455900018832 /* PBXTargetDependency */,
			);
			name = WalletCoreTests;
			productName = WalletCoreTests;
			productReference = A64994C12A04455900018832 /* WalletCoreTests.xctest */;
			productType = "com.apple.product-type.bundle.unit-test";
		};
		A64994CA2A04455900018832 /* WalletCoreUITests */ = {
			isa = PBXNativeTarget;
			buildConfigurationList = A64994DB2A04455900018832 /* Build configuration list for PBXNativeTarget "WalletCoreUITests" */;
			buildPhases = (
				A64994C72A04455900018832 /* Sources */,
				A64994C82A04455900018832 /* Frameworks */,
				A64994C92A04455900018832 /* Resources */,
			);
			buildRules = (
			);
			dependencies = (
				A64994CD2A04455900018832 /* PBXTargetDependency */,
			);
			name = WalletCoreUITests;
			productName = WalletCoreUITests;
			productReference = A64994CB2A04455900018832 /* WalletCoreUITests.xctest */;
			productType = "com.apple.product-type.bundle.ui-testing";
		};
/* End PBXNativeTarget section */

/* Begin PBXProject section */
		A64994A82A04455800018832 /* Project object */ = {
			isa = PBXProject;
			attributes = {
				BuildIndependentTargetsInParallel = 1;
				LastSwiftUpdateCheck = 1430;
				LastUpgradeCheck = 1430;
				TargetAttributes = {
					A64994AF2A04455800018832 = {
						CreatedOnToolsVersion = 14.3;
					};
					A64994C02A04455900018832 = {
						CreatedOnToolsVersion = 14.3;
						TestTargetID = A64994AF2A04455800018832;
					};
					A64994CA2A04455900018832 = {
						CreatedOnToolsVersion = 14.3;
						TestTargetID = A64994AF2A04455800018832;
					};
				};
			};
			buildConfigurationList = A64994AB2A04455800018832 /* Build configuration list for PBXProject "WalletCore" */;
			compatibilityVersion = "Xcode 14.0";
			developmentRegion = en;
			hasScannedForEncodings = 0;
			knownRegions = (
				en,
				Base,
			);
			mainGroup = A64994A72A04455800018832;
			productRefGroup = A64994B12A04455800018832 /* Products */;
			projectDirPath = "";
			projectRoot = "";
			targets = (
				A64994AF2A04455800018832 /* WalletCore */,
				A64994C02A04455900018832 /* WalletCoreTests */,
				A64994CA2A04455900018832 /* WalletCoreUITests */,
			);
		};
/* End PBXProject section */

/* Begin PBXResourcesBuildPhase section */
		A64994AE2A04455800018832 /* Resources */ = {
			isa = PBXResourcesBuildPhase;
			buildActionMask = 2147483647;
			files = (
				A64994BC2A04455900018832 /* Preview Assets.xcassets in Resources */,
				A64994B82A04455900018832 /* Assets.xcassets in Resources */,
			);
			runOnlyForDeploymentPostprocessing = 0;
		};
		A64994BF2A04455900018832 /* Resources */ = {
			isa = PBXResourcesBuildPhase;
			buildActionMask = 2147483647;
			files = (
			);
			runOnlyForDeploymentPostprocessing = 0;
		};
		A64994C92A04455900018832 /* Resources */ = {
			isa = PBXResourcesBuildPhase;
			buildActionMask = 2147483647;
			files = (
			);
			runOnlyForDeploymentPostprocessing = 0;
		};
/* End PBXResourcesBuildPhase section */

/* Begin PBXSourcesBuildPhase section */
		A64994AC2A04455800018832 /* Sources */ = {
			isa = PBXSourcesBuildPhase;
			buildActionMask = 2147483647;
			files = (
				A64994B62A04455800018832 /* ContentView.swift in Sources */,
				A64994B42A04455800018832 /* WalletCoreApp.swift in Sources */,
			);
			runOnlyForDeploymentPostprocessing = 0;
		};
		A64994BD2A04455900018832 /* Sources */ = {
			isa = PBXSourcesBuildPhase;
			buildActionMask = 2147483647;
			files = (
				A64994C62A04455900018832 /* WalletCoreTests.swift in Sources */,
			);
			runOnlyForDeploymentPostprocessing = 0;
		};
		A64994C72A04455900018832 /* Sources */ = {
			isa = PBXSourcesBuildPhase;
			buildActionMask = 2147483647;
			files = (
				A64994D22A04455900018832 /* WalletCoreUITestsLaunchTests.swift in Sources */,
				A64994D02A04455900018832 /* WalletCoreUITests.swift in Sources */,
			);
			runOnlyForDeploymentPostprocessing = 0;
		};
/* End PBXSourcesBuildPhase section */

/* Begin PBXTargetDependency section */
		A64994C32A04455900018832 /* PBXTargetDependency */ = {
			isa = PBXTargetDependency;
			target = A64994AF2A04455800018832 /* WalletCore */;
			targetProxy = A64994C22A04455900018832 /* PBXContainerItemProxy */;
		};
		A64994CD2A04455900018832 /* PBXTargetDependency */ = {
			isa = PBXTargetDependency;
			target = A64994AF2A04455800018832 /* WalletCore */;
			targetProxy = A64994CC2A04455900018832 /* PBXContainerItemProxy */;
		};
/* End PBXTargetDependency section */

/* Begin XCBuildConfiguration section */
		A64994D32A04455900018832 /* Debug */ = {
			isa = XCBuildConfiguration;
			buildSettings = {
				ALWAYS_SEARCH_USER_PATHS = NO;
				CLANG_ANALYZER_NONNULL = YES;
				CLANG_ANALYZER_NUMBER_OBJECT_CONVERSION = YES_AGGRESSIVE;
				CLANG_CXX_LANGUAGE_STANDARD = "gnu++20";
				CLANG_ENABLE_MODULES = YES;
				CLANG_ENABLE_OBJC_ARC = YES;
				CLANG_ENABLE_OBJC_WEAK = YES;
				CLANG_WARN_BLOCK_CAPTURE_AUTORELEASING = YES;
				CLANG_WARN_BOOL_CONVERSION = YES;
				CLANG_WARN_COMMA = YES;
				CLANG_WARN_CONSTANT_CONVERSION = YES;
				CLANG_WARN_DEPRECATED_OBJC_IMPLEMENTATIONS = YES;
				CLANG_WARN_DIRECT_OBJC_ISA_USAGE = YES_ERROR;
				CLANG_WARN_DOCUMENTATION_COMMENTS = YES;
				CLANG_WARN_EMPTY_BODY = YES;
				CLANG_WARN_ENUM_CONVERSION = YES;
				CLANG_WARN_INFINITE_RECURSION = YES;
				CLANG_WARN_INT_CONVERSION = YES;
				CLANG_WARN_NON_LITERAL_NULL_CONVERSION = YES;
				CLANG_WARN_OBJC_IMPLICIT_RETAIN_SELF = YES;
				CLANG_WARN_OBJC_LITERAL_CONVERSION = YES;
				CLANG_WARN_OBJC_ROOT_CLASS = YES_ERROR;
				CLANG_WARN_QUOTED_INCLUDE_IN_FRAMEWORK_HEADER = YES;
				CLANG_WARN_RANGE_LOOP_ANALYSIS = YES;
				CLANG_WARN_STRICT_PROTOTYPES = YES;
				CLANG_WARN_SUSPICIOUS_MOVE = YES;
				CLANG_WARN_UNGUARDED_AVAILABILITY = YES_AGGRESSIVE;
				CLANG_WARN_UNREACHABLE_CODE = YES;
				CLANG_WARN__DUPLICATE_METHOD_MATCH = YES;
				COPY_PHASE_STRIP = NO;
				DEBUG_INFORMATION_FORMAT = dwarf;
				ENABLE_STRICT_OBJC_MSGSEND = YES;
				ENABLE_TESTABILITY = YES;
				GCC_C_LANGUAGE_STANDARD = gnu11;
				GCC_DYNAMIC_NO_PIC = NO;
				GCC_NO_COMMON_BLOCKS = YES;
				GCC_OPTIMIZATION_LEVEL = 0;
				GCC_PREPROCESSOR_DEFINITIONS = (
					"DEBUG=1",
					"$(inherited)",
				);
				GCC_WARN_64_TO_32_BIT_CONVERSION = YES;
				GCC_WARN_ABOUT_RETURN_TYPE = YES_ERROR;
				GCC_WARN_UNDECLARED_SELECTOR = YES;
				GCC_WARN_UNINITIALIZED_AUTOS = YES_AGGRESSIVE;
				GCC_WARN_UNUSED_FUNCTION = YES;
				GCC_WARN_UNUSED_VARIABLE = YES;
				MTL_ENABLE_DEBUG_INFO = INCLUDE_SOURCE;
				MTL_FAST_MATH = YES;
				ONLY_ACTIVE_ARCH = YES;
				SWIFT_ACTIVE_COMPILATION_CONDITIONS = DEBUG;
				SWIFT_OPTIMIZATION_LEVEL = "-Onone";
			};
			name = Debug;
		};
		A64994D42A04455900018832 /* Release */ = {
			isa = XCBuildConfiguration;
			buildSettings = {
				ALWAYS_SEARCH_USER_PATHS = NO;
				CLANG_ANALYZER_NONNULL = YES;
				CLANG_ANALYZER_NUMBER_OBJECT_CONVERSION = YES_AGGRESSIVE;
				CLANG_CXX_LANGUAGE_STANDARD = "gnu++20";
				CLANG_ENABLE_MODULES = YES;
				CLANG_ENABLE_OBJC_ARC = YES;
				CLANG_ENABLE_OBJC_WEAK = YES;
				CLANG_WARN_BLOCK_CAPTURE_AUTORELEASING = YES;
				CLANG_WARN_BOOL_CONVERSION = YES;
				CLANG_WARN_COMMA = YES;
				CLANG_WARN_CONSTANT_CONVERSION = YES;
				CLANG_WARN_DEPRECATED_OBJC_IMPLEMENTATIONS = YES;
				CLANG_WARN_DIRECT_OBJC_ISA_USAGE = YES_ERROR;
				CLANG_WARN_DOCUMENTATION_COMMENTS = YES;
				CLANG_WARN_EMPTY_BODY = YES;
				CLANG_WARN_ENUM_CONVERSION = YES;
				CLANG_WARN_INFINITE_RECURSION = YES;
				CLANG_WARN_INT_CONVERSION = YES;
				CLANG_WARN_NON_LITERAL_NULL_CONVERSION = YES;
				CLANG_WARN_OBJC_IMPLICIT_RETAIN_SELF = YES;
				CLANG_WARN_OBJC_LITERAL_CONVERSION = YES;
				CLANG_WARN_OBJC_ROOT_CLASS = YES_ERROR;
				CLANG_WARN_QUOTED_INCLUDE_IN_FRAMEWORK_HEADER = YES;
				CLANG_WARN_RANGE_LOOP_ANALYSIS = YES;
				CLANG_WARN_STRICT_PROTOTYPES = YES;
				CLANG_WARN_SUSPICIOUS_MOVE = YES;
				CLANG_WARN_UNGUARDED_AVAILABILITY = YES_AGGRESSIVE;
				CLANG_WARN_UNREACHABLE_CODE = YES;
				CLANG_WARN__DUPLICATE_METHOD_MATCH = YES;
				COPY_PHASE_STRIP = NO;
				DEBUG_INFORMATION_FORMAT = "dwarf-with-dsym";
				ENABLE_NS_ASSERTIONS = NO;
				ENABLE_STRICT_OBJC_MSGSEND = YES;
				GCC_C_LANGUAGE_STANDARD = gnu11;
				GCC_NO_COMMON_BLOCKS = YES;
				GCC_WARN_64_TO_32_BIT_CONVERSION = YES;
				GCC_WARN_ABOUT_RETURN_TYPE = YES_ERROR;
				GCC_WARN_UNDECLARED_SELECTOR = YES;
				GCC_WARN_UNINITIALIZED_AUTOS = YES_AGGRESSIVE;
				GCC_WARN_UNUSED_FUNCTION = YES;
				GCC_WARN_UNUSED_VARIABLE = YES;
				MTL_ENABLE_DEBUG_INFO = NO;
				MTL_FAST_MATH = YES;
				SWIFT_COMPILATION_MODE = wholemodule;
				SWIFT_OPTIMIZATION_LEVEL = "-O";
			};
			name = Release;
		};
		A64994D62A04455900018832 /* Debug */ = {
			isa = XCBuildConfiguration;
			buildSettings = {
				ASSETCATALOG_COMPILER_APPICON_NAME = AppIcon;
				ASSETCATALOG_COMPILER_GLOBAL_ACCENT_COLOR_NAME = AccentColor;
				CODE_SIGN_ENTITLEMENTS = WalletCore/WalletCore.entitlements;
				CODE_SIGN_STYLE = Automatic;
				CURRENT_PROJECT_VERSION = 1;
				DEVELOPMENT_ASSET_PATHS = "\"WalletCore/Preview Content\"";
				DEVELOPMENT_TEAM = HTTZ58G6XS;
				ENABLE_PREVIEWS = YES;
				GENERATE_INFOPLIST_FILE = YES;
				"INFOPLIST_KEY_UIApplicationSceneManifest_Generation[sdk=iphoneos*]" = YES;
				"INFOPLIST_KEY_UIApplicationSceneManifest_Generation[sdk=iphonesimulator*]" = YES;
				"INFOPLIST_KEY_UIApplicationSupportsIndirectInputEvents[sdk=iphoneos*]" = YES;
				"INFOPLIST_KEY_UIApplicationSupportsIndirectInputEvents[sdk=iphonesimulator*]" = YES;
				"INFOPLIST_KEY_UILaunchScreen_Generation[sdk=iphoneos*]" = YES;
				"INFOPLIST_KEY_UILaunchScreen_Generation[sdk=iphonesimulator*]" = YES;
				"INFOPLIST_KEY_UIStatusBarStyle[sdk=iphoneos*]" = UIStatusBarStyleDefault;
				"INFOPLIST_KEY_UIStatusBarStyle[sdk=iphonesimulator*]" = UIStatusBarStyleDefault;
				INFOPLIST_KEY_UISupportedInterfaceOrientations_iPad = "UIInterfaceOrientationPortrait UIInterfaceOrientationPortraitUpsideDown UIInterfaceOrientationLandscapeLeft UIInterfaceOrientationLandscapeRight";
				INFOPLIST_KEY_UISupportedInterfaceOrientations_iPhone = "UIInterfaceOrientationPortrait UIInterfaceOrientationLandscapeLeft UIInterfaceOrientationLandscapeRight";
				IPHONEOS_DEPLOYMENT_TARGET = 16.4;
				LD_RUNPATH_SEARCH_PATHS = "@executable_path/Frameworks";
				"LD_RUNPATH_SEARCH_PATHS[sdk=macosx*]" = "@executable_path/../Frameworks";
				MACOSX_DEPLOYMENT_TARGET = 13.3;
				MARKETING_VERSION = 1.0;
				PRODUCT_BUNDLE_IDENTIFIER = ios.WalletCore;
				PRODUCT_NAME = "$(TARGET_NAME)";
				SDKROOT = auto;
				SUPPORTED_PLATFORMS = "iphoneos iphonesimulator";
				SUPPORTS_MACCATALYST = NO;
				SUPPORTS_MAC_DESIGNED_FOR_IPHONE_IPAD = NO;
				SWIFT_EMIT_LOC_STRINGS = YES;
				SWIFT_VERSION = 5.0;
				TARGETED_DEVICE_FAMILY = "1,2";
			};
			name = Debug;
		};
		A64994D72A04455900018832 /* Release */ = {
			isa = XCBuildConfiguration;
			buildSettings = {
				ASSETCATALOG_COMPILER_APPICON_NAME = AppIcon;
				ASSETCATALOG_COMPILER_GLOBAL_ACCENT_COLOR_NAME = AccentColor;
				CODE_SIGN_ENTITLEMENTS = WalletCore/WalletCore.entitlements;
				CODE_SIGN_STYLE = Automatic;
				CURRENT_PROJECT_VERSION = 1;
				DEVELOPMENT_ASSET_PATHS = "\"WalletCore/Preview Content\"";
				DEVELOPMENT_TEAM = HTTZ58G6XS;
				ENABLE_PREVIEWS = YES;
				GENERATE_INFOPLIST_FILE = YES;
				"INFOPLIST_KEY_UIApplicationSceneManifest_Generation[sdk=iphoneos*]" = YES;
				"INFOPLIST_KEY_UIApplicationSceneManifest_Generation[sdk=iphonesimulator*]" = YES;
				"INFOPLIST_KEY_UIApplicationSupportsIndirectInputEvents[sdk=iphoneos*]" = YES;
				"INFOPLIST_KEY_UIApplicationSupportsIndirectInputEvents[sdk=iphonesimulator*]" = YES;
				"INFOPLIST_KEY_UILaunchScreen_Generation[sdk=iphoneos*]" = YES;
				"INFOPLIST_KEY_UILaunchScreen_Generation[sdk=iphonesimulator*]" = YES;
				"INFOPLIST_KEY_UIStatusBarStyle[sdk=iphoneos*]" = UIStatusBarStyleDefault;
				"INFOPLIST_KEY_UIStatusBarStyle[sdk=iphonesimulator*]" = UIStatusBarStyleDefault;
				INFOPLIST_KEY_UISupportedInterfaceOrientations_iPad = "UIInterfaceOrientationPortrait UIInterfaceOrientationPortraitUpsideDown UIInterfaceOrientationLandscapeLeft UIInterfaceOrientationLandscapeRight";
				INFOPLIST_KEY_UISupportedInterfaceOrientations_iPhone = "UIInterfaceOrientationPortrait UIInterfaceOrientationLandscapeLeft UIInterfaceOrientationLandscapeRight";
				IPHONEOS_DEPLOYMENT_TARGET = 16.4;
				LD_RUNPATH_SEARCH_PATHS = "@executable_path/Frameworks";
				"LD_RUNPATH_SEARCH_PATHS[sdk=macosx*]" = "@executable_path/../Frameworks";
				MACOSX_DEPLOYMENT_TARGET = 13.3;
				MARKETING_VERSION = 1.0;
				PRODUCT_BUNDLE_IDENTIFIER = ios.WalletCore;
				PRODUCT_NAME = "$(TARGET_NAME)";
				SDKROOT = auto;
				SUPPORTED_PLATFORMS = "iphoneos iphonesimulator";
				SUPPORTS_MACCATALYST = NO;
				SUPPORTS_MAC_DESIGNED_FOR_IPHONE_IPAD = NO;
				SWIFT_EMIT_LOC_STRINGS = YES;
				SWIFT_VERSION = 5.0;
				TARGETED_DEVICE_FAMILY = "1,2";
			};
			name = Release;
		};
		A64994D92A04455900018832 /* Debug */ = {
			isa = XCBuildConfiguration;
			buildSettings = {
				ALWAYS_EMBED_SWIFT_STANDARD_LIBRARIES = YES;
				BUNDLE_LOADER = "$(TEST_HOST)";
				CODE_SIGN_STYLE = Automatic;
				CURRENT_PROJECT_VERSION = 1;
				DEVELOPMENT_TEAM = HTTZ58G6XS;
				GENERATE_INFOPLIST_FILE = YES;
				IPHONEOS_DEPLOYMENT_TARGET = 16.4;
				MACOSX_DEPLOYMENT_TARGET = 13.3;
				MARKETING_VERSION = 1.0;
				PRODUCT_BUNDLE_IDENTIFIER = ios.WalletCoreTests;
				PRODUCT_NAME = "$(TARGET_NAME)";
				SDKROOT = auto;
				SUPPORTED_PLATFORMS = "iphoneos iphonesimulator";
				SUPPORTS_MACCATALYST = NO;
				SUPPORTS_MAC_DESIGNED_FOR_IPHONE_IPAD = NO;
				SWIFT_EMIT_LOC_STRINGS = NO;
				SWIFT_VERSION = 5.0;
				TARGETED_DEVICE_FAMILY = "1,2";
				TEST_HOST = "$(BUILT_PRODUCTS_DIR)/WalletCore.app/$(BUNDLE_EXECUTABLE_FOLDER_PATH)/WalletCore";
			};
			name = Debug;
		};
		A64994DA2A04455900018832 /* Release */ = {
			isa = XCBuildConfiguration;
			buildSettings = {
				ALWAYS_EMBED_SWIFT_STANDARD_LIBRARIES = YES;
				BUNDLE_LOADER = "$(TEST_HOST)";
				CODE_SIGN_STYLE = Automatic;
				CURRENT_PROJECT_VERSION = 1;
				DEVELOPMENT_TEAM = HTTZ58G6XS;
				GENERATE_INFOPLIST_FILE = YES;
				IPHONEOS_DEPLOYMENT_TARGET = 16.4;
				MACOSX_DEPLOYMENT_TARGET = 13.3;
				MARKETING_VERSION = 1.0;
				PRODUCT_BUNDLE_IDENTIFIER = ios.WalletCoreTests;
				PRODUCT_NAME = "$(TARGET_NAME)";
				SDKROOT = auto;
				SUPPORTED_PLATFORMS = "iphoneos iphonesimulator";
				SUPPORTS_MACCATALYST = NO;
				SUPPORTS_MAC_DESIGNED_FOR_IPHONE_IPAD = NO;
				SWIFT_EMIT_LOC_STRINGS = NO;
				SWIFT_VERSION = 5.0;
				TARGETED_DEVICE_FAMILY = "1,2";
				TEST_HOST = "$(BUILT_PRODUCTS_DIR)/WalletCore.app/$(BUNDLE_EXECUTABLE_FOLDER_PATH)/WalletCore";
			};
			name = Release;
		};
		A64994DC2A04455900018832 /* Debug */ = {
			isa = XCBuildConfiguration;
			buildSettings = {
				ALWAYS_EMBED_SWIFT_STANDARD_LIBRARIES = YES;
				CODE_SIGN_STYLE = Automatic;
				CURRENT_PROJECT_VERSION = 1;
				DEVELOPMENT_TEAM = HTTZ58G6XS;
				GENERATE_INFOPLIST_FILE = YES;
				IPHONEOS_DEPLOYMENT_TARGET = 16.4;
				MACOSX_DEPLOYMENT_TARGET = 13.3;
				MARKETING_VERSION = 1.0;
				PRODUCT_BUNDLE_IDENTIFIER = ios.WalletCoreUITests;
				PRODUCT_NAME = "$(TARGET_NAME)";
				SDKROOT = auto;
				SUPPORTED_PLATFORMS = "iphoneos iphonesimulator";
				SUPPORTS_MACCATALYST = NO;
				SUPPORTS_MAC_DESIGNED_FOR_IPHONE_IPAD = NO;
				SWIFT_EMIT_LOC_STRINGS = NO;
				SWIFT_VERSION = 5.0;
				TARGETED_DEVICE_FAMILY = "1,2";
				TEST_TARGET_NAME = WalletCore;
			};
			name = Debug;
		};
		A64994DD2A04455900018832 /* Release */ = {
			isa = XCBuildConfiguration;
			buildSettings = {
				ALWAYS_EMBED_SWIFT_STANDARD_LIBRARIES = YES;
				CODE_SIGN_STYLE = Automatic;
				CURRENT_PROJECT_VERSION = 1;
				DEVELOPMENT_TEAM = HTTZ58G6XS;
				GENERATE_INFOPLIST_FILE = YES;
				IPHONEOS_DEPLOYMENT_TARGET = 16.4;
				MACOSX_DEPLOYMENT_TARGET = 13.3;
				MARKETING_VERSION = 1.0;
				PRODUCT_BUNDLE_IDENTIFIER = ios.WalletCoreUITests;
				PRODUCT_NAME = "$(TARGET_NAME)";
				SDKROOT = auto;
				SUPPORTED_PLATFORMS = "iphoneos iphonesimulator";
				SUPPORTS_MACCATALYST = NO;
				SUPPORTS_MAC_DESIGNED_FOR_IPHONE_IPAD = NO;
				SWIFT_EMIT_LOC_STRINGS = NO;
				SWIFT_VERSION = 5.0;
				TARGETED_DEVICE_FAMILY = "1,2";
				TEST_TARGET_NAME = WalletCore;
			};
			name = Release;
		};
/* End XCBuildConfiguration section */

/* Begin XCConfigurationList section */
		A64994AB2A04455800018832 /* Build configuration list for PBXProject "WalletCore" */ = {
			isa = XCConfigurationList;
			buildConfigurations = (
				A64994D32A04455900018832 /* Debug */,
				A64994D42A04455900018832 /* Release */,
			);
			defaultConfigurationIsVisible = 0;
			defaultConfigurationName = Release;
		};
		A64994D52A04455900018832 /* Build configuration list for PBXNativeTarget "WalletCore" */ = {
			isa = XCConfigurationList;
			buildConfigurations = (
				A64994D62A04455900018832 /* Debug */,
				A64994D72A04455900018832 /* Release */,
			);
			defaultConfigurationIsVisible = 0;
			defaultConfigurationName = Release;
		};
		A64994D82A04455900018832 /* Build configuration list for PBXNativeTarget "WalletCoreTests" */ = {
			isa = XCConfigurationList;
			buildConfigurations = (
				A64994D92A04455900018832 /* Debug */,
				A64994DA2A04455900018832 /* Release */,
			);
			defaultConfigurationIsVisible = 0;
			defaultConfigurationName = Release;
		};
		A64994DB2A04455900018832 /* Build configuration list for PBXNativeTarget "WalletCoreUITests" */ = {
			isa = XCConfigurationList;
			buildConfigurations = (
				A64994DC2A04455900018832 /* Debug */,
				A64994DD2A04455900018832 /* Release */,
			);
			defaultConfigurationIsVisible = 0;
			defaultConfigurationName = Release;
		};
/* End XCConfigurationList section */

/* Begin XCSwiftPackageProductDependency section */
		A64994E02A0451E600018832 /* WalletCoreSource */ = {
			isa = XCSwiftPackageProductDependency;
			productName = WalletCoreSource;
		};
/* End XCSwiftPackageProductDependency section */
	};
	rootObject = A64994A82A04455800018832 /* Project object */;
}
